
Microsoft Visual Studio Solution File, Format Version 12.00
# Visual Studio Version 16
VisualStudioVersion = 16.0.30523.141
MinimumVisualStudioVersion = 10.0.40219.1
Project("{FAE04EC0-301F-11D3-BF4B-00C04F79EFBC}") = "NormalCalculator", "NormalCalculator\NormalCalculator.csproj", "{01BFDF7D-A159-4D76-9F9B-7557FD8C5C92}"
EndProject
Global
	GlobalSection(SolutionConfigurationPlatforms) = preSolution
		Debug|Any CPU = Debug|Any CPU
		Release|Any CPU = Release|Any CPU
	EndGlobalSection
	GlobalSection(ProjectConfigurationPlatforms) = postSolution
		{01BFDF7D-A159-4D76-9F9B-7557FD8C5C92}.Debug|Any CPU.ActiveCfg = Debug|Any CPU
		{01BFDF7D-A159-4D76-9F9B-7557FD8C5C92}.Debug|Any CPU.Build.0 = Debug|Any CPU
		{01BFDF7D-A159-4D76-9F9B-7557FD8C5C92}.Release|Any CPU.ActiveCfg = Release|Any CPU
		{01BFDF7D-A159-4D76-9F9B-7557FD8C5C92}.Release|Any CPU.Build.0 = Release|Any CPU
	EndGlobalSection
	GlobalSection(SolutionProperties) = preSolution
		HideSolutionNode = FALSE
	EndGlobalSection
	GlobalSection(ExtensibilityGlobals) = postSolution
		SolutionGuid = {99720B1C-67AC-4716-9031-07AD7B909110}
	EndGlobalSection
EndGlobal
